// !$*UTF8*$!
{
	archiveVersion = 1;
	classes = {
	};
	objectVersion = 50;
	objects = {

/* Begin PBXBuildFile section */
		E2B0784E26767E2C005FFBDD /* CoreDataRelApp.swift in Sources */ = {isa = PBXBuildFile; fileRef = E2B0784D26767E2C005FFBDD /* CoreDataRelApp.swift */; };
		E2B0785026767E2C005FFBDD /* ContentView.swift in Sources */ = {isa = PBXBuildFile; fileRef = E2B0784F26767E2C005FFBDD /* ContentView.swift */; };
		E2B0785226767E2D005FFBDD /* Assets.xcassets in Resources */ = {isa = PBXBuildFile; fileRef = E2B0785126767E2D005FFBDD /* Assets.xcassets */; };
		E2B0785526767E2D005FFBDD /* Preview Assets.xcassets in Resources */ = {isa = PBXBuildFile; fileRef = E2B0785426767E2D005FFBDD /* Preview Assets.xcassets */; };
		E2B0785E26767E3B005FFBDD /* CoreDataRel.xcdatamodeld in Sources */ = {isa = PBXBuildFile; fileRef = E2B0785C26767E3B005FFBDD /* CoreDataRel.xcdatamodeld */; };
		E2B0786026767EB5005FFBDD /* Persistence.swift in Sources */ = {isa = PBXBuildFile; fileRef = E2B0785F26767EB5005FFBDD /* Persistence.swift */; };
/* End PBXBuildFile section */

/* Begin PBXFileReference section */
		E2B0784A26767E2C005FFBDD /* CoreDataRel.app */ = {isa = PBXFileReference; explicitFileType = wrapper.application; includeInIndex = 0; path = CoreDataRel.app; sourceTree = BUILT_PRODUCTS_DIR; };
		E2B0784D26767E2C005FFBDD /* CoreDataRelApp.swift */ = {isa = PBXFileReference; lastKnownFileType = sourcecode.swift; path = CoreDataRelApp.swift; sourceTree = "<group>"; };
		E2B0784F26767E2C005FFBDD /* ContentView.swift */ = {isa = PBXFileReference; lastKnownFileType = sourcecode.swift; path = ContentView.swift; sourceTree = "<group>"; };
		E2B0785126767E2D005FFBDD /* Assets.xcassets */ = {isa = PBXFileReference; lastKnownFileType = folder.assetcatalog; path = Assets.xcassets; sourceTree = "<group>"; };
		E2B0785426767E2D005FFBDD /* Preview Assets.xcassets */ = {isa = PBXFileReference; lastKnownFileType = folder.assetcatalog; path = "Preview Assets.xcassets"; sourceTree = "<group>"; };
		E2B0785626767E2D005FFBDD /* Info.plist */ = {isa = PBXFileReference; lastKnownFileType = text.plist.xml; path = Info.plist; sourceTree = "<group>"; };
		E2B0785D26767E3B005FFBDD /* CoreDataRel.xcdatamodel */ = {isa = PBXFileReference; lastKnownFileType = wrapper.xcdatamodel; path = CoreDataRel.xcdatamodel; sourceTree = "<group>"; };
		E2B0785F26767EB5005FFBDD /* Persistence.swift */ = {isa = PBXFileReference; lastKnownFileType = sourcecode.swift; path = Persistence.swift; sourceTree = "<group>"; };
/* End PBXFileReference section */

/* Begin PBXFrameworksBuildPhase section */
		E2B0784726767E2C005FFBDD /* Frameworks */ = {
			isa = PBXFrameworksBuildPhase;
			buildActionMask = 2147483647;
			files = (
			);
			runOnlyForDeploymentPostprocessing = 0;
		};
/* End PBXFrameworksBuildPhase section */

/* Begin PBXGroup section */
		E2B0784126767E2C005FFBDD = {
			isa = PBXGroup;
			children = (
				E2B0784C26767E2C005FFBDD /* CoreDataRel */,
				E2B0784B26767E2C005FFBDD /* Products */,
			);
			sourceTree = "<group>";
		};
		E2B0784B26767E2C005FFBDD /* Products */ = {
			isa = PBXGroup;
			children = (
				E2B0784A26767E2C005FFBDD /* CoreDataRel.app */,
			);
			name = Products;
			sourceTree = "<group>";
		};
		E2B0784C26767E2C005FFBDD /* CoreDataRel */ = {
			isa = PBXGroup;
			children = (
				E2B0784D26767E2C005FFBDD /* CoreDataRelApp.swift */,
				E2B0784F26767E2C005FFBDD /* ContentView.swift */,
				E2B0785126767E2D005FFBDD /* Assets.xcassets */,
				E2B0785626767E2D005FFBDD /* Info.plist */,
				E2B0785326767E2D005FFBDD /* Preview Content */,
				E2B0785C26767E3B005FFBDD /* CoreDataRel.xcdatamodeld */,
				E2B0785F26767EB5005FFBDD /* Persistence.swift */,
			);
			path = CoreDataRel;
			sourceTree = "<group>";
		};
		E2B0785326767E2D005FFBDD /* Preview Content */ = {
			isa = PBXGroup;
			children = (
				E2B0785426767E2D005FFBDD /* Preview Assets.xcassets */,
			);
			path = "Preview Content";
			sourceTree = "<group>";
		};
/* End PBXGroup section */

/* Begin PBXNativeTarget section */
		E2B0784926767E2C005FFBDD /* CoreDataRel */ = {
			isa = PBXNativeTarget;
			buildConfigurationList = E2B0785926767E2D005FFBDD /* Build configuration list for PBXNativeTarget "CoreDataRel" */;
			buildPhases = (
				E2B0784626767E2C005FFBDD /* Sources */,
				E2B0784726767E2C005FFBDD /* Frameworks */,
				E2B0784826767E2C005FFBDD /* Resources */,
			);
			buildRules = (
			);
			dependencies = (
			);
			name = CoreDataRel;
			productName = CoreDataRel;
			productReference = E2B0784A26767E2C005FFBDD /* CoreDataRel.app */;
			productType = "com.apple.product-type.application";
		};
/* End PBXNativeTarget section */

/* Begin PBXProject section */
		E2B0784226767E2C005FFBDD /* Project object */ = {
			isa = PBXProject;
			attributes = {
				LastSwiftUpdateCheck = 1250;
				LastUpgradeCheck = 1250;
				TargetAttributes = {
					E2B0784926767E2C005FFBDD = {
						CreatedOnToolsVersion = 12.5;
					};
				};
			};
			buildConfigurationList = E2B0784526767E2C005FFBDD /* Build configuration list for PBXProject "CoreDataRel" */;
			compatibilityVersion = "Xcode 9.3";
			developmentRegion = en;
			hasScannedForEncodings = 0;
			knownRegions = (
				en,
				Base,
			);
			mainGroup = E2B0784126767E2C005FFBDD;
			productRefGroup = E2B0784B26767E2C005FFBDD /* Products */;
			projectDirPath = "";
			projectRoot = "";
			targets = (
				E2B0784926767E2C005FFBDD /* CoreDataRel */,
			);
		};
/* End PBXProject section */

/* Begin PBXResourcesBuildPhase section */
		E2B0784826767E2C005FFBDD /* Resources */ = {
			isa = PBXResourcesBuildPhase;
			buildActionMask = 2147483647;
			files = (
				E2B0785526767E2D005FFBDD /* Preview Assets.xcassets in Resources */,
				E2B0785226767E2D005FFBDD /* Assets.xcassets in Resources */,
			);
			runOnlyForDeploymentPostprocessing = 0;
		};
/* End PBXResourcesBuildPhase section */

/* Begin PBXSourcesBuildPhase section */
		E2B0784626767E2C005FFBDD /* Sources */ = {
			isa = PBXSourcesBuildPhase;
			buildActionMask = 2147483647;
			files = (
				E2B0785E26767E3B005FFBDD /* CoreDataRel.xcdatamodeld in Sources */,
				E2B0786026767EB5005FFBDD /* Persistence.swift in Sources */,
				E2B0785026767E2C005FFBDD /* ContentView.swift in Sources */,
				E2B0784E26767E2C005FFBDD /* CoreDataRelApp.swift in Sources */,
			);
			runOnlyForDeploymentPostprocessing = 0;
		};
/* End PBXSourcesBuildPhase section */

/* Begin XCBuildConfiguration section */
		E2B0785726767E2D005FFBDD /* Debug */ = {
			isa = XCBuildConfiguration;
			buildSettings = {
				ALWAYS_SEARCH_USER_PATHS = NO;
				CLANG_ANALYZER_NONNULL = YES;
				CLANG_ANALYZER_NUMBER_OBJECT_CONVERSION = YES_AGGRESSIVE;
				CLANG_CXX_LANGUAGE_STANDARD = "gnu++14";
				CLANG_CXX_LIBRARY = "libc++";
				CLANG_ENABLE_MODULES = YES;
				CLANG_ENABLE_OBJC_ARC = YES;
				CLANG_ENABLE_OBJC_WEAK = YES;
				CLANG_WARN_BLOCK_CAPTURE_AUTORELEASING = YES;
				CLANG_WARN_BOOL_CONVERSION = YES;
				CLANG_WARN_COMMA = YES;
				CLANG_WARN_CONSTANT_CONVERSION = YES;
				CLANG_WARN_DEPRECATED_OBJC_IMPLEMENTATIONS = YES;
				CLANG_WARN_DIRECT_OBJC_ISA_USAGE = YES_ERROR;
				CLANG_WARN_DOCUMENTATION_COMMENTS = YES;
				CLANG_WARN_EMPTY_BODY = YES;
				CLANG_WARN_ENUM_CONVERSION = YES;
				CLANG_WARN_INFINITE_RECURSION = YES;
				CLANG_WARN_INT_CONVERSION = YES;
				CLANG_WARN_NON_LITERAL_NULL_CONVERSION = YES;
				CLANG_WARN_OBJC_IMPLICIT_RETAIN_SELF = YES;
				CLANG_WARN_OBJC_LITERAL_CONVERSION = YES;
				CLANG_WARN_OBJC_ROOT_CLASS = YES_ERROR;
				CLANG_WARN_QUOTED_INCLUDE_IN_FRAMEWORK_HEADER = YES;
				CLANG_WARN_RANGE_LOOP_ANALYSIS = YES;
				CLANG_WARN_STRICT_PROTOTYPES = YES;
				CLANG_WARN_SUSPICIOUS_MOVE = YES;
				CLANG_WARN_UNGUARDED_AVAILABILITY = YES_AGGRESSIVE;
				CLANG_WARN_UNREACHABLE_CODE = YES;
				CLANG_WARN__DUPLICATE_METHOD_MATCH = YES;
				COPY_PHASE_STRIP = NO;
				DEBUG_INFORMATION_FORMAT = dwarf;
				ENABLE_STRICT_OBJC_MSGSEND = YES;
				ENABLE_TESTABILITY = YES;
				GCC_C_LANGUAGE_STANDARD = gnu11;
				GCC_DYNAMIC_NO_PIC = NO;
				GCC_NO_COMMON_BLOCKS = YES;
				GCC_OPTIMIZATION_LEVEL = 0;
				GCC_PREPROCESSOR_DEFINITIONS = (
					"DEBUG=1",
					"$(inherited)",
				);
				GCC_WARN_64_TO_32_BIT_CONVERSION = YES;
				GCC_WARN_ABOUT_RETURN_TYPE = YES_ERROR;
				GCC_WARN_UNDECLARED_SELECTOR = YES;
				GCC_WARN_UNINITIALIZED_AUTOS = YES_AGGRESSIVE;
				GCC_WARN_UNUSED_FUNCTION = YES;
				GCC_WARN_UNUSED_VARIABLE = YES;
				IPHONEOS_DEPLOYMENT_TARGET = 14.5;
				MTL_ENABLE_DEBUG_INFO = INCLUDE_SOURCE;
				MTL_FAST_MATH = YES;
				ONLY_ACTIVE_ARCH = YES;
				SDKROOT = iphoneos;
				SWIFT_ACTIVE_COMPILATION_CONDITIONS = DEBUG;
				SWIFT_OPTIMIZATION_LEVEL = "-Onone";
			};
			name = Debug;
		};
		E2B0785826767E2D005FFBDD /* Release */ = {
			isa = XCBuildConfiguration;
			buildSettings = {
				ALWAYS_SEARCH_USER_PATHS = NO;
				CLANG_ANALYZER_NONNULL = YES;
				CLANG_ANALYZER_NUMBER_OBJECT_CONVERSION = YES_AGGRESSIVE;
				CLANG_CXX_LANGUAGE_STANDARD = "gnu++14";
				CLANG_CXX_LIBRARY = "libc++";
				CLANG_ENABLE_MODULES = YES;
				CLANG_ENABLE_OBJC_ARC = YES;
				CLANG_ENABLE_OBJC_WEAK = YES;
				CLANG_WARN_BLOCK_CAPTURE_AUTORELEASING = YES;
				CLANG_WARN_BOOL_CONVERSION = YES;
				CLANG_WARN_COMMA = YES;
				CLANG_WARN_CONSTANT_CONVERSION = YES;
				CLANG_WARN_DEPRECATED_OBJC_IMPLEMENTATIONS = YES;
				CLANG_WARN_DIRECT_OBJC_ISA_USAGE = YES_ERROR;
				CLANG_WARN_DOCUMENTATION_COMMENTS = YES;
				CLANG_WARN_EMPTY_BODY = YES;
				CLANG_WARN_ENUM_CONVERSION = YES;
				CLANG_WARN_INFINITE_RECURSION = YES;
				CLANG_WARN_INT_CONVERSION = YES;
				CLANG_WARN_NON_LITERAL_NULL_CONVERSION = YES;
				CLANG_WARN_OBJC_IMPLICIT_RETAIN_SELF = YES;
				CLANG_WARN_OBJC_LITERAL_CONVERSION = YES;
				CLANG_WARN_OBJC_ROOT_CLASS = YES_ERROR;
				CLANG_WARN_QUOTED_INCLUDE_IN_FRAMEWORK_HEADER = YES;
				CLANG_WARN_RANGE_LOOP_ANALYSIS = YES;
				CLANG_WARN_STRICT_PROTOTYPES = YES;
				CLANG_WARN_SUSPICIOUS_MOVE = YES;
				CLANG_WARN_UNGUARDED_AVAILABILITY = YES_AGGRESSIVE;
				CLANG_WARN_UNREACHABLE_CODE = YES;
				CLANG_WARN__DUPLICATE_METHOD_MATCH = YES;
				COPY_PHASE_STRIP = NO;
				DEBUG_INFORMATION_FORMAT = "dwarf-with-dsym";
				ENABLE_NS_ASSERTIONS = NO;
				ENABLE_STRICT_OBJC_MSGSEND = YES;
				GCC_C_LANGUAGE_STANDARD = gnu11;
				GCC_NO_COMMON_BLOCKS = YES;
				GCC_WARN_64_TO_32_BIT_CONVERSION = YES;
				GCC_WARN_ABOUT_RETURN_TYPE = YES_ERROR;
				GCC_WARN_UNDECLARED_SELECTOR = YES;
				GCC_WARN_UNINITIALIZED_AUTOS = YES_AGGRESSIVE;
				GCC_WARN_UNUSED_FUNCTION = YES;
				GCC_WARN_UNUSED_VARIABLE = YES;
				IPHONEOS_DEPLOYMENT_TARGET = 14.5;
				MTL_ENABLE_DEBUG_INFO = NO;
				MTL_FAST_MATH = YES;
				SDKROOT = iphoneos;
				SWIFT_COMPILATION_MODE = wholemodule;
				SWIFT_OPTIMIZATION_LEVEL = "-O";
				VALIDATE_PRODUCT = YES;
			};
			name = Release;
		};
		E2B0785A26767E2D005FFBDD /* Debug */ = {
			isa = XCBuildConfiguration;
			buildSettings = {
				ASSETCATALOG_COMPILER_APPICON_NAME = AppIcon;
				ASSETCATALOG_COMPILER_GLOBAL_ACCENT_COLOR_NAME = AccentColor;
				CODE_SIGN_STYLE = Automatic;
				DEVELOPMENT_ASSET_PATHS = "\"CoreDataRel/Preview Content\"";
				DEVELOPMENT_TEAM = Q5Y4BCFEB5;
				ENABLE_PREVIEWS = YES;
				INFOPLIST_FILE = CoreDataRel/Info.plist;
				IPHONEOS_DEPLOYMENT_TARGET = 14.0;
				LD_RUNPATH_SEARCH_PATHS = (
					"$(inherited)",
					"@executable_path/Frameworks",
				);
				PRODUCT_BUNDLE_IDENTIFIER = com.jwlks.CoreDataRel;
				PRODUCT_NAME = "$(TARGET_NAME)";
				SWIFT_VERSION = 5.0;
				TARGETED_DEVICE_FAMILY = "1,2";
			};
			name = Debug;
		};
		E2B0785B26767E2D005FFBDD /* Release */ = {
			isa = XCBuildConfiguration;
			buildSettings = {
				ASSETCATALOG_COMPILER_APPICON_NAME = AppIcon;
				ASSETCATALOG_COMPILER_GLOBAL_ACCENT_COLOR_NAME = AccentColor;
				CODE_SIGN_STYLE = Automatic;
				DEVELOPMENT_ASSET_PATHS = "\"CoreDataRel/Preview Content\"";
				DEVELOPMENT_TEAM = Q5Y4BCFEB5;
				ENABLE_PREVIEWS = YES;
				INFOPLIST_FILE = CoreDataRel/Info.plist;
				IPHONEOS_DEPLOYMENT_TARGET = 14.0;
				LD_RUNPATH_SEARCH_PATHS = (
					"$(inherited)",
					"@executable_path/Frameworks",
				);
				PRODUCT_BUNDLE_IDENTIFIER = com.jwlks.CoreDataRel;
				PRODUCT_NAME = "$(TARGET_NAME)";
				SWIFT_VERSION = 5.0;
				TARGETED_DEVICE_FAMILY = "1,2";
			};
			name = Release;
		};
/* End XCBuildConfiguration section */

/* Begin XCConfigurationList section */
		E2B0784526767E2C005FFBDD /* Build configuration list for PBXProject "CoreDataRel" */ = {
			isa = XCConfigurationList;
			buildConfigurations = (
				E2B0785726767E2D005FFBDD /* Debug */,
				E2B0785826767E2D005FFBDD /* Release */,
			);
			defaultConfigurationIsVisible = 0;
			defaultConfigurationName = Release;
		};
		E2B0785926767E2D005FFBDD /* Build configuration list for PBXNativeTarget "CoreDataRel" */ = {
			isa = XCConfigurationList;
			buildConfigurations = (
				E2B0785A26767E2D005FFBDD /* Debug */,
				E2B0785B26767E2D005FFBDD /* Release */,
			);
			defaultConfigurationIsVisible = 0;
			defaultConfigurationName = Release;
		};
/* End XCConfigurationList section */

/* Begin XCVersionGroup section */
		E2B0785C26767E3B005FFBDD /* CoreDataRel.xcdatamodeld */ = {
			isa = XCVersionGroup;
			children = (
				E2B0785D26767E3B005FFBDD /* CoreDataRel.xcdatamodel */,
			);
			currentVersion = E2B0785D26767E3B005FFBDD /* CoreDataRel.xcdatamodel */;
			path = CoreDataRel.xcdatamodeld;
			sourceTree = "<group>";
			versionGroupType = wrapper.xcdatamodel;
		};
/* End XCVersionGroup section */
	};
	rootObject = E2B0784226767E2C005FFBDD /* Project object */;
}
